
Microsoft Visual Studio Solution File, Format Version 12.00
# Visual Studio 15
Project("{FAE04EC0-301F-11D3-BF4B-00C04F79EFBC}") = "Assembly-CSharp", "Assembly-CSharp.csproj", "{D34E6011-14D2-10A1-AE68-23C5E6D77D40}"
EndProject
Project("{FAE04EC0-301F-11D3-BF4B-00C04F79EFBC}") = "Assembly-CSharp-firstpass", "Assembly-CSharp-firstpass.csproj", "{A8769FBB-6BE5-46A9-A065-F1AF6F6FEAFE}"
EndProject
Project("{FAE04EC0-301F-11D3-BF4B-00C04F79EFBC}") = "Assembly-CSharp-Editor-firstpass", "Assembly-CSharp-Editor-firstpass.csproj", "{CA988EDA-EF0B-6102-6BC1-AD526463C3FF}"
EndProject
Project("{FAE04EC0-301F-11D3-BF4B-00C04F79EFBC}") = "Assembly-CSharp-Editor", "Assembly-CSharp-Editor.csproj", "{9E7463AA-C693-FF07-491D-8BAF05D206C6}"
EndProject
Global
	GlobalSection(SolutionConfigurationPlatforms) = preSolution
		Debug|Any CPU = Debug|Any CPU
		Release|Any CPU = Release|Any CPU
	EndGlobalSection
	GlobalSection(ProjectConfigurationPlatforms) = postSolution
		{D34E6011-14D2-10A1-AE68-23C5E6D77D40}.Debug|Any CPU.ActiveCfg = Debug|Any CPU
		{D34E6011-14D2-10A1-AE68-23C5E6D77D40}.Debug|Any CPU.Build.0 = Debug|Any CPU
		{D34E6011-14D2-10A1-AE68-23C5E6D77D40}.Release|Any CPU.ActiveCfg = Release|Any CPU
		{D34E6011-14D2-10A1-AE68-23C5E6D77D40}.Release|Any CPU.Build.0 = Release|Any CPU
		{A8769FBB-6BE5-46A9-A065-F1AF6F6FEAFE}.Debug|Any CPU.ActiveCfg = Debug|Any CPU
		{A8769FBB-6BE5-46A9-A065-F1AF6F6FEAFE}.Debug|Any CPU.Build.0 = Debug|Any CPU
		{A8769FBB-6BE5-46A9-A065-F1AF6F6FEAFE}.Release|Any CPU.ActiveCfg = Release|Any CPU
		{A8769FBB-6BE5-46A9-A065-F1AF6F6FEAFE}.Release|Any CPU.Build.0 = Release|Any CPU
		{CA988EDA-EF0B-6102-6BC1-AD526463C3FF}.Debug|Any CPU.ActiveCfg = Debug|Any CPU
		{CA988EDA-EF0B-6102-6BC1-AD526463C3FF}.Debug|Any CPU.Build.0 = Debug|Any CPU
		{CA988EDA-EF0B-6102-6BC1-AD526463C3FF}.Release|Any CPU.ActiveCfg = Release|Any CPU
		{CA988EDA-EF0B-6102-6BC1-AD526463C3FF}.Release|Any CPU.Build.0 = Release|Any CPU
		{9E7463AA-C693-FF07-491D-8BAF05D206C6}.Debug|Any CPU.ActiveCfg = Debug|Any CPU
		{9E7463AA-C693-FF07-491D-8BAF05D206C6}.Debug|Any CPU.Build.0 = Debug|Any CPU
		{9E7463AA-C693-FF07-491D-8BAF05D206C6}.Release|Any CPU.ActiveCfg = Release|Any CPU
		{9E7463AA-C693-FF07-491D-8BAF05D206C6}.Release|Any CPU.Build.0 = Release|Any CPU
	EndGlobalSection
	GlobalSection(SolutionProperties) = preSolution
		HideSolutionNode = FALSE
	EndGlobalSection
EndGlobal
